
Microsoft Visual Studio Solution File, Format Version 12.00
# Visual Studio 2013
VisualStudioVersion = 12.0.31101.0
MinimumVisualStudioVersion = 10.0.40219.1
Project("{2150E333-8FDC-42A3-9474-1A3956D46DE8}") = "ThirdParty", "ThirdParty", "{66DD80BC-CBA9-422B-AE71-712AE52F9CF4}"
EndProject
Project("{2150E333-8FDC-42A3-9474-1A3956D46DE8}") = ".nuget", ".nuget", "{7D407AAD-1B3A-496E-B7CE-3DD7FAF9C4D1}"
	ProjectSection(SolutionItems) = preProject
		.nuget\NuGet.Config = .nuget\NuGet.Config
		.nuget\NuGet.exe = .nuget\NuGet.exe
		.nuget\NuGet.targets = .nuget\NuGet.targets
	EndProjectSection
EndProject
Project("{FAE04EC0-301F-11D3-BF4B-00C04F79EFBC}") = "ModbusRegisterViewer", "ModbusRegisterViewer\ModbusRegisterViewer.csproj", "{7EA1062A-DC40-4BD9-86CD-C68D7575DB63}"
EndProject
Project("{FAE04EC0-301F-11D3-BF4B-00C04F79EFBC}") = "ModbusTools.Common", "ModbusTools.Common\ModbusTools.Common.csproj", "{12696174-C514-4E69-ABDA-0E926A52BA57}"
EndProject
Project("{FAE04EC0-301F-11D3-BF4B-00C04F79EFBC}") = "ModbusTools.Capture", "ModbusTools.Capture\ModbusTools.Capture.csproj", "{56814616-A273-4427-8164-EC5533D8B5BB}"
EndProject
Project("{FAE04EC0-301F-11D3-BF4B-00C04F79EFBC}") = "ModbusTools.SlaveSimulator", "ModbusTools.SlaveSimulator\ModbusTools.SlaveSimulator.csproj", "{4563F1DA-9E71-4C2E-A6A3-67AA57414AFA}"
EndProject
Project("{FAE04EC0-301F-11D3-BF4B-00C04F79EFBC}") = "ModbusTools.SlaveViewer", "ModbusTools.SlaveViewer\ModbusTools.SlaveViewer.csproj", "{2A3328D7-9854-44C3-9F42-865D2F0F075E}"
EndProject
Project("{FAE04EC0-301F-11D3-BF4B-00C04F79EFBC}") = "ModbusTools.SlaveSimulator.Model", "ModbusTools.SlaveSimulator.Model\ModbusTools.SlaveSimulator.Model.csproj", "{292371A9-2553-4FC2-8763-A496AB143CE7}"
EndProject
Project("{FAE04EC0-301F-11D3-BF4B-00C04F79EFBC}") = "ModbusTools.CaptureViewer.Simple", "ModbusTools.CaptureViewer.Simple\ModbusTools.CaptureViewer.Simple.csproj", "{EB096034-F10D-48C7-BE3D-ECE13B34F04E}"
EndProject
Project("{FAE04EC0-301F-11D3-BF4B-00C04F79EFBC}") = "ModbusTools.Capture.Model", "ModbusTools.Capture.Model\ModbusTools.Capture.Model.csproj", "{F5343276-D294-43FC-954D-66EE6413BD29}"
EndProject
Project("{2150E333-8FDC-42A3-9474-1A3956D46DE8}") = "Capture", "Capture", "{C288D7B0-F717-49B1-9174-889F38FC8EF5}"
EndProject
Project("{2150E333-8FDC-42A3-9474-1A3956D46DE8}") = "SlaveSimulator", "SlaveSimulator", "{58985A5A-8ABC-48BB-9C6D-6A819A121E64}"
EndProject
Project("{2150E333-8FDC-42A3-9474-1A3956D46DE8}") = "SlaveViewer", "SlaveViewer", "{73F8E660-3106-49E0-A049-E6F5D1C69885}"
EndProject
Project("{2150E333-8FDC-42A3-9474-1A3956D46DE8}") = "SlaveExplorer", "SlaveExplorer", "{14886183-A7EF-48DC-99CE-CDB91D05D810}"
EndProject
Project("{FAE04EC0-301F-11D3-BF4B-00C04F79EFBC}") = "ModbusTools.SlaveExplorer", "ModbusTools.SlaveExplorer\ModbusTools.SlaveExplorer.csproj", "{EC75EBE4-FF4F-4FBD-B7CD-A35890E45B6E}"
EndProject
Global
	GlobalSection(SolutionConfigurationPlatforms) = preSolution
		Debug|Any CPU = Debug|Any CPU
		Release|Any CPU = Release|Any CPU
	EndGlobalSection
	GlobalSection(ProjectConfigurationPlatforms) = postSolution
		{7EA1062A-DC40-4BD9-86CD-C68D7575DB63}.Debug|Any CPU.ActiveCfg = Debug|Any CPU
		{7EA1062A-DC40-4BD9-86CD-C68D7575DB63}.Debug|Any CPU.Build.0 = Debug|Any CPU
		{7EA1062A-DC40-4BD9-86CD-C68D7575DB63}.Release|Any CPU.ActiveCfg = Release|Any CPU
		{7EA1062A-DC40-4BD9-86CD-C68D7575DB63}.Release|Any CPU.Build.0 = Release|Any CPU
		{12696174-C514-4E69-ABDA-0E926A52BA57}.Debug|Any CPU.ActiveCfg = Debug|Any CPU
		{12696174-C514-4E69-ABDA-0E926A52BA57}.Debug|Any CPU.Build.0 = Debug|Any CPU
		{12696174-C514-4E69-ABDA-0E926A52BA57}.Release|Any CPU.ActiveCfg = Release|Any CPU
		{12696174-C514-4E69-ABDA-0E926A52BA57}.Release|Any CPU.Build.0 = Release|Any CPU
		{56814616-A273-4427-8164-EC5533D8B5BB}.Debug|Any CPU.ActiveCfg = Debug|Any CPU
		{56814616-A273-4427-8164-EC5533D8B5BB}.Debug|Any CPU.Build.0 = Debug|Any CPU
		{56814616-A273-4427-8164-EC5533D8B5BB}.Release|Any CPU.ActiveCfg = Release|Any CPU
		{56814616-A273-4427-8164-EC5533D8B5BB}.Release|Any CPU.Build.0 = Release|Any CPU
		{4563F1DA-9E71-4C2E-A6A3-67AA57414AFA}.Debug|Any CPU.ActiveCfg = Debug|Any CPU
		{4563F1DA-9E71-4C2E-A6A3-67AA57414AFA}.Debug|Any CPU.Build.0 = Debug|Any CPU
		{4563F1DA-9E71-4C2E-A6A3-67AA57414AFA}.Release|Any CPU.ActiveCfg = Release|Any CPU
		{4563F1DA-9E71-4C2E-A6A3-67AA57414AFA}.Release|Any CPU.Build.0 = Release|Any CPU
		{2A3328D7-9854-44C3-9F42-865D2F0F075E}.Debug|Any CPU.ActiveCfg = Debug|Any CPU
		{2A3328D7-9854-44C3-9F42-865D2F0F075E}.Debug|Any CPU.Build.0 = Debug|Any CPU
		{2A3328D7-9854-44C3-9F42-865D2F0F075E}.Release|Any CPU.ActiveCfg = Release|Any CPU
		{2A3328D7-9854-44C3-9F42-865D2F0F075E}.Release|Any CPU.Build.0 = Release|Any CPU
		{292371A9-2553-4FC2-8763-A496AB143CE7}.Debug|Any CPU.ActiveCfg = Debug|Any CPU
		{292371A9-2553-4FC2-8763-A496AB143CE7}.Debug|Any CPU.Build.0 = Debug|Any CPU
		{292371A9-2553-4FC2-8763-A496AB143CE7}.Release|Any CPU.ActiveCfg = Release|Any CPU
		{292371A9-2553-4FC2-8763-A496AB143CE7}.Release|Any CPU.Build.0 = Release|Any CPU
		{EB096034-F10D-48C7-BE3D-ECE13B34F04E}.Debug|Any CPU.ActiveCfg = Debug|Any CPU
		{EB096034-F10D-48C7-BE3D-ECE13B34F04E}.Debug|Any CPU.Build.0 = Debug|Any CPU
		{EB096034-F10D-48C7-BE3D-ECE13B34F04E}.Release|Any CPU.ActiveCfg = Release|Any CPU
		{EB096034-F10D-48C7-BE3D-ECE13B34F04E}.Release|Any CPU.Build.0 = Release|Any CPU
		{F5343276-D294-43FC-954D-66EE6413BD29}.Debug|Any CPU.ActiveCfg = Debug|Any CPU
		{F5343276-D294-43FC-954D-66EE6413BD29}.Debug|Any CPU.Build.0 = Debug|Any CPU
		{F5343276-D294-43FC-954D-66EE6413BD29}.Release|Any CPU.ActiveCfg = Release|Any CPU
		{F5343276-D294-43FC-954D-66EE6413BD29}.Release|Any CPU.Build.0 = Release|Any CPU
		{EC75EBE4-FF4F-4FBD-B7CD-A35890E45B6E}.Debug|Any CPU.ActiveCfg = Debug|Any CPU
		{EC75EBE4-FF4F-4FBD-B7CD-A35890E45B6E}.Debug|Any CPU.Build.0 = Debug|Any CPU
		{EC75EBE4-FF4F-4FBD-B7CD-A35890E45B6E}.Release|Any CPU.ActiveCfg = Release|Any CPU
		{EC75EBE4-FF4F-4FBD-B7CD-A35890E45B6E}.Release|Any CPU.Build.0 = Release|Any CPU
	EndGlobalSection
	GlobalSection(SolutionProperties) = preSolution
		HideSolutionNode = FALSE
	EndGlobalSection
	GlobalSection(NestedProjects) = preSolution
		{56814616-A273-4427-8164-EC5533D8B5BB} = {C288D7B0-F717-49B1-9174-889F38FC8EF5}
		{4563F1DA-9E71-4C2E-A6A3-67AA57414AFA} = {58985A5A-8ABC-48BB-9C6D-6A819A121E64}
		{2A3328D7-9854-44C3-9F42-865D2F0F075E} = {73F8E660-3106-49E0-A049-E6F5D1C69885}
		{292371A9-2553-4FC2-8763-A496AB143CE7} = {58985A5A-8ABC-48BB-9C6D-6A819A121E64}
		{EB096034-F10D-48C7-BE3D-ECE13B34F04E} = {C288D7B0-F717-49B1-9174-889F38FC8EF5}
		{F5343276-D294-43FC-954D-66EE6413BD29} = {C288D7B0-F717-49B1-9174-889F38FC8EF5}
		{EC75EBE4-FF4F-4FBD-B7CD-A35890E45B6E} = {14886183-A7EF-48DC-99CE-CDB91D05D810}
	EndGlobalSection
EndGlobal
