
Microsoft Visual Studio Solution File, Format Version 12.00
# Visual Studio 2013
VisualStudioVersion = 12.0.31101.0
MinimumVisualStudioVersion = 10.0.40219.1
Project("{2150E333-8FDC-42A3-9474-1A3956D46DE8}") = "ThirdParty", "ThirdParty", "{66DD80BC-CBA9-422B-AE71-712AE52F9CF4}"
	ProjectSection(SolutionItems) = preProject
		ThirdParty\MiscUtil.dll = ThirdParty\MiscUtil.dll
	EndProjectSection
EndProject
Project("{2150E333-8FDC-42A3-9474-1A3956D46DE8}") = ".nuget", ".nuget", "{7D407AAD-1B3A-496E-B7CE-3DD7FAF9C4D1}"
	ProjectSection(SolutionItems) = preProject
		.nuget\NuGet.Config = .nuget\NuGet.Config
		.nuget\NuGet.exe = .nuget\NuGet.exe
		.nuget\NuGet.targets = .nuget\NuGet.targets
	EndProjectSection
EndProject
Project("{FAE04EC0-301F-11D3-BF4B-00C04F79EFBC}") = "ModbusRegisterViewer", "ModbusRegisterViewer\ModbusRegisterViewer.csproj", "{7EA1062A-DC40-4BD9-86CD-C68D7575DB63}"
EndProject
Project("{FAE04EC0-301F-11D3-BF4B-00C04F79EFBC}") = "ModbusTools.Common", "ModbusTools.Common\ModbusTools.Common.csproj", "{12696174-C514-4E69-ABDA-0E926A52BA57}"
EndProject
Project("{FAE04EC0-301F-11D3-BF4B-00C04F79EFBC}") = "ModbusTools.Capture", "ModbusTools.Capture\ModbusTools.Capture.csproj", "{56814616-A273-4427-8164-EC5533D8B5BB}"
EndProject
Project("{FAE04EC0-301F-11D3-BF4B-00C04F79EFBC}") = "ModbusTools.SlaveSimulator", "ModbusTools.SlaveSimulator\ModbusTools.SlaveSimulator.csproj", "{4563F1DA-9E71-4C2E-A6A3-67AA57414AFA}"
EndProject
Project("{FAE04EC0-301F-11D3-BF4B-00C04F79EFBC}") = "ModbusTools.SlaveViewer", "ModbusTools.SlaveViewer\ModbusTools.SlaveViewer.csproj", "{2A3328D7-9854-44C3-9F42-865D2F0F075E}"
EndProject
Project("{FAE04EC0-301F-11D3-BF4B-00C04F79EFBC}") = "ModbusTools.SlaveSimulator.Model", "ModbusTools.SlaveSimulator.Model\ModbusTools.SlaveSimulator.Model.csproj", "{292371A9-2553-4FC2-8763-A496AB143CE7}"
EndProject
Project("{FAE04EC0-301F-11D3-BF4B-00C04F79EFBC}") = "ModbusTools.Configuration", "ModbusTools.Configuration\ModbusTools.Configuration.csproj", "{9D86E144-E2B1-47D5-9DB5-30A23AB5CE2A}"
EndProject
Global
	GlobalSection(SolutionConfigurationPlatforms) = preSolution
		Debug|Any CPU = Debug|Any CPU
		Release|Any CPU = Release|Any CPU
	EndGlobalSection
	GlobalSection(ProjectConfigurationPlatforms) = postSolution
		{7EA1062A-DC40-4BD9-86CD-C68D7575DB63}.Debug|Any CPU.ActiveCfg = Debug|Any CPU
		{7EA1062A-DC40-4BD9-86CD-C68D7575DB63}.Debug|Any CPU.Build.0 = Debug|Any CPU
		{7EA1062A-DC40-4BD9-86CD-C68D7575DB63}.Release|Any CPU.ActiveCfg = Release|Any CPU
		{7EA1062A-DC40-4BD9-86CD-C68D7575DB63}.Release|Any CPU.Build.0 = Release|Any CPU
		{12696174-C514-4E69-ABDA-0E926A52BA57}.Debug|Any CPU.ActiveCfg = Debug|Any CPU
		{12696174-C514-4E69-ABDA-0E926A52BA57}.Debug|Any CPU.Build.0 = Debug|Any CPU
		{12696174-C514-4E69-ABDA-0E926A52BA57}.Release|Any CPU.ActiveCfg = Release|Any CPU
		{12696174-C514-4E69-ABDA-0E926A52BA57}.Release|Any CPU.Build.0 = Release|Any CPU
		{56814616-A273-4427-8164-EC5533D8B5BB}.Debug|Any CPU.ActiveCfg = Debug|Any CPU
		{56814616-A273-4427-8164-EC5533D8B5BB}.Debug|Any CPU.Build.0 = Debug|Any CPU
		{56814616-A273-4427-8164-EC5533D8B5BB}.Release|Any CPU.ActiveCfg = Release|Any CPU
		{56814616-A273-4427-8164-EC5533D8B5BB}.Release|Any CPU.Build.0 = Release|Any CPU
		{4563F1DA-9E71-4C2E-A6A3-67AA57414AFA}.Debug|Any CPU.ActiveCfg = Debug|Any CPU
		{4563F1DA-9E71-4C2E-A6A3-67AA57414AFA}.Debug|Any CPU.Build.0 = Debug|Any CPU
		{4563F1DA-9E71-4C2E-A6A3-67AA57414AFA}.Release|Any CPU.ActiveCfg = Release|Any CPU
		{4563F1DA-9E71-4C2E-A6A3-67AA57414AFA}.Release|Any CPU.Build.0 = Release|Any CPU
		{2A3328D7-9854-44C3-9F42-865D2F0F075E}.Debug|Any CPU.ActiveCfg = Debug|Any CPU
		{2A3328D7-9854-44C3-9F42-865D2F0F075E}.Debug|Any CPU.Build.0 = Debug|Any CPU
		{2A3328D7-9854-44C3-9F42-865D2F0F075E}.Release|Any CPU.ActiveCfg = Release|Any CPU
		{2A3328D7-9854-44C3-9F42-865D2F0F075E}.Release|Any CPU.Build.0 = Release|Any CPU
		{292371A9-2553-4FC2-8763-A496AB143CE7}.Debug|Any CPU.ActiveCfg = Debug|Any CPU
		{292371A9-2553-4FC2-8763-A496AB143CE7}.Debug|Any CPU.Build.0 = Debug|Any CPU
		{292371A9-2553-4FC2-8763-A496AB143CE7}.Release|Any CPU.ActiveCfg = Release|Any CPU
		{292371A9-2553-4FC2-8763-A496AB143CE7}.Release|Any CPU.Build.0 = Release|Any CPU
		{9D86E144-E2B1-47D5-9DB5-30A23AB5CE2A}.Debug|Any CPU.ActiveCfg = Debug|Any CPU
		{9D86E144-E2B1-47D5-9DB5-30A23AB5CE2A}.Debug|Any CPU.Build.0 = Debug|Any CPU
		{9D86E144-E2B1-47D5-9DB5-30A23AB5CE2A}.Release|Any CPU.ActiveCfg = Release|Any CPU
		{9D86E144-E2B1-47D5-9DB5-30A23AB5CE2A}.Release|Any CPU.Build.0 = Release|Any CPU
	EndGlobalSection
	GlobalSection(SolutionProperties) = preSolution
		HideSolutionNode = FALSE
	EndGlobalSection
EndGlobal
